// !$*UTF8*$!
{
	archiveVersion = 1;
	classes = {
	};
	objectVersion = 50;
	objects = {

/* Begin PBXBuildFile section */
		3163DE3322F3EFE2006118E9 /* AppDelegate.m in Sources */ = {isa = PBXBuildFile; fileRef = 3163DE3222F3EFE2006118E9 /* AppDelegate.m */; };
		3163DE3622F3EFE2006118E9 /* RequestViewController.m in Sources */ = {isa = PBXBuildFile; fileRef = 3163DE3522F3EFE2006118E9 /* RequestViewController.m */; };
		3163DE3922F3EFE2006118E9 /* Main.storyboard in Resources */ = {isa = PBXBuildFile; fileRef = 3163DE3722F3EFE2006118E9 /* Main.storyboard */; };
		3163DE3C22F3EFE2006118E9 /* Objective-C Network Request.xcdatamodeld in Sources */ = {isa = PBXBuildFile; fileRef = 3163DE3A22F3EFE2006118E9 /* Objective-C Network Request.xcdatamodeld */; };
		3163DE3E22F3EFE2006118E9 /* Assets.xcassets in Resources */ = {isa = PBXBuildFile; fileRef = 3163DE3D22F3EFE2006118E9 /* Assets.xcassets */; };
		3163DE4122F3EFE2006118E9 /* LaunchScreen.storyboard in Resources */ = {isa = PBXBuildFile; fileRef = 3163DE3F22F3EFE2006118E9 /* LaunchScreen.storyboard */; };
		3163DE4422F3EFE2006118E9 /* main.m in Sources */ = {isa = PBXBuildFile; fileRef = 3163DE4322F3EFE2006118E9 /* main.m */; };
		3163DE4C22F3F0A7006118E9 /* RequestViewModel.m in Sources */ = {isa = PBXBuildFile; fileRef = 3163DE4B22F3F0A7006118E9 /* RequestViewModel.m */; };
		F252741911D04B944C7AAA95 /* libPods-ReactiveObjC-Network-Request.a in Frameworks */ = {isa = PBXBuildFile; fileRef = 84F821386B4C3A0DF6E33AED /* libPods-ReactiveObjC-Network-Request.a */; };
/* End PBXBuildFile section */

/* Begin PBXFileReference section */
		00D77D1527B18C135244F048 /* Pods-ReactiveObjC-Network-Request.debug.xcconfig */ = {isa = PBXFileReference; includeInIndex = 1; lastKnownFileType = text.xcconfig; name = "Pods-ReactiveObjC-Network-Request.debug.xcconfig"; path = "Target Support Files/Pods-ReactiveObjC-Network-Request/Pods-ReactiveObjC-Network-Request.debug.xcconfig"; sourceTree = "<group>"; };
		3163DE2E22F3EFE2006118E9 /* ReactiveObjC-Network-Request.app */ = {isa = PBXFileReference; explicitFileType = wrapper.application; includeInIndex = 0; path = "ReactiveObjC-Network-Request.app"; sourceTree = BUILT_PRODUCTS_DIR; };
		3163DE3122F3EFE2006118E9 /* AppDelegate.h */ = {isa = PBXFileReference; lastKnownFileType = sourcecode.c.h; path = AppDelegate.h; sourceTree = "<group>"; };
		3163DE3222F3EFE2006118E9 /* AppDelegate.m */ = {isa = PBXFileReference; lastKnownFileType = sourcecode.c.objc; path = AppDelegate.m; sourceTree = "<group>"; };
		3163DE3422F3EFE2006118E9 /* RequestViewController.h */ = {isa = PBXFileReference; lastKnownFileType = sourcecode.c.h; path = RequestViewController.h; sourceTree = "<group>"; };
		3163DE3522F3EFE2006118E9 /* RequestViewController.m */ = {isa = PBXFileReference; lastKnownFileType = sourcecode.c.objc; path = RequestViewController.m; sourceTree = "<group>"; };
		3163DE3822F3EFE2006118E9 /* Base */ = {isa = PBXFileReference; lastKnownFileType = file.storyboard; name = Base; path = Base.lproj/Main.storyboard; sourceTree = "<group>"; };
		3163DE3B22F3EFE2006118E9 /* Objective_C_Login.xcdatamodel */ = {isa = PBXFileReference; lastKnownFileType = wrapper.xcdatamodel; path = Objective_C_Login.xcdatamodel; sourceTree = "<group>"; };
		3163DE3D22F3EFE2006118E9 /* Assets.xcassets */ = {isa = PBXFileReference; lastKnownFileType = folder.assetcatalog; path = Assets.xcassets; sourceTree = "<group>"; };
		3163DE4022F3EFE2006118E9 /* Base */ = {isa = PBXFileReference; lastKnownFileType = file.storyboard; name = Base; path = Base.lproj/LaunchScreen.storyboard; sourceTree = "<group>"; };
		3163DE4222F3EFE2006118E9 /* Info.plist */ = {isa = PBXFileReference; lastKnownFileType = text.plist.xml; path = Info.plist; sourceTree = "<group>"; };
		3163DE4322F3EFE2006118E9 /* main.m */ = {isa = PBXFileReference; lastKnownFileType = sourcecode.c.objc; path = main.m; sourceTree = "<group>"; };
		3163DE4A22F3F08F006118E9 /* RequestViewModel.h */ = {isa = PBXFileReference; lastKnownFileType = sourcecode.c.h; path = RequestViewModel.h; sourceTree = "<group>"; };
		3163DE4B22F3F0A7006118E9 /* RequestViewModel.m */ = {isa = PBXFileReference; lastKnownFileType = sourcecode.c.objc; path = RequestViewModel.m; sourceTree = "<group>"; };
		3163DE4E22F3F27E006118E9 /* libPods-Objective-C_Login.a */ = {isa = PBXFileReference; explicitFileType = archive.ar; path = "libPods-Objective-C_Login.a"; sourceTree = BUILT_PRODUCTS_DIR; };
		3163DE5022F3F27E006118E9 /* libReactiveObjC.a */ = {isa = PBXFileReference; explicitFileType = archive.ar; path = libReactiveObjC.a; sourceTree = BUILT_PRODUCTS_DIR; };
		3163DE5222F3F2B7006118E9 /* ReactiveObjC */ = {isa = PBXFileReference; lastKnownFileType = folder; name = ReactiveObjC; path = Pods/ReactiveObjC; sourceTree = "<group>"; };
		3F2A06AB1CD2665FB6B9A813 /* Pods-Objective-C_Login.debug.xcconfig */ = {isa = PBXFileReference; includeInIndex = 1; lastKnownFileType = text.xcconfig; name = "Pods-Objective-C_Login.debug.xcconfig"; path = "Target Support Files/Pods-Objective-C_Login/Pods-Objective-C_Login.debug.xcconfig"; sourceTree = "<group>"; };
		7DC5CE6D8E6910F1681721D8 /* Pods-Objective-C_Login.release.xcconfig */ = {isa = PBXFileReference; includeInIndex = 1; lastKnownFileType = text.xcconfig; name = "Pods-Objective-C_Login.release.xcconfig"; path = "Target Support Files/Pods-Objective-C_Login/Pods-Objective-C_Login.release.xcconfig"; sourceTree = "<group>"; };
		84F821386B4C3A0DF6E33AED /* libPods-ReactiveObjC-Network-Request.a */ = {isa = PBXFileReference; explicitFileType = archive.ar; includeInIndex = 0; path = "libPods-ReactiveObjC-Network-Request.a"; sourceTree = BUILT_PRODUCTS_DIR; };
		8FFB80C0729A357B103A5B2C /* Pods-ReactiveObjC-Network-Request.release.xcconfig */ = {isa = PBXFileReference; includeInIndex = 1; lastKnownFileType = text.xcconfig; name = "Pods-ReactiveObjC-Network-Request.release.xcconfig"; path = "Target Support Files/Pods-ReactiveObjC-Network-Request/Pods-ReactiveObjC-Network-Request.release.xcconfig"; sourceTree = "<group>"; };
/* End PBXFileReference section */

/* Begin PBXFrameworksBuildPhase section */
		3163DE2B22F3EFE2006118E9 /* Frameworks */ = {
			isa = PBXFrameworksBuildPhase;
			buildActionMask = 2147483647;
			files = (
				F252741911D04B944C7AAA95 /* libPods-ReactiveObjC-Network-Request.a in Frameworks */,
			);
			runOnlyForDeploymentPostprocessing = 0;
		};
/* End PBXFrameworksBuildPhase section */

/* Begin PBXGroup section */
		3163DE2522F3EFE2006118E9 = {
			isa = PBXGroup;
			children = (
				3163DE3022F3EFE2006118E9 /* ReactiveObjC-Network-Request */,
				3163DE2F22F3EFE2006118E9 /* Products */,
				3163DE4D22F3F27E006118E9 /* Frameworks */,
				756F85F8F2412B6D3AC4EA5F /* Pods */,
			);
			sourceTree = "<group>";
		};
		3163DE2F22F3EFE2006118E9 /* Products */ = {
			isa = PBXGroup;
			children = (
				3163DE2E22F3EFE2006118E9 /* ReactiveObjC-Network-Request.app */,
			);
			name = Products;
			sourceTree = "<group>";
		};
		3163DE3022F3EFE2006118E9 /* ReactiveObjC-Network-Request */ = {
			isa = PBXGroup;
			children = (
				3163DE3122F3EFE2006118E9 /* AppDelegate.h */,
				3163DE3222F3EFE2006118E9 /* AppDelegate.m */,
				3163DE3422F3EFE2006118E9 /* RequestViewController.h */,
				3163DE3522F3EFE2006118E9 /* RequestViewController.m */,
				3163DE4A22F3F08F006118E9 /* RequestViewModel.h */,
				3163DE4B22F3F0A7006118E9 /* RequestViewModel.m */,
				3163DE3722F3EFE2006118E9 /* Main.storyboard */,
				3163DE3D22F3EFE2006118E9 /* Assets.xcassets */,
				3163DE3F22F3EFE2006118E9 /* LaunchScreen.storyboard */,
				3163DE4222F3EFE2006118E9 /* Info.plist */,
				3163DE4322F3EFE2006118E9 /* main.m */,
				3163DE3A22F3EFE2006118E9 /* Objective-C Network Request.xcdatamodeld */,
			);
			path = "ReactiveObjC-Network-Request";
			sourceTree = "<group>";
		};
		3163DE4D22F3F27E006118E9 /* Frameworks */ = {
			isa = PBXGroup;
			children = (
				3163DE5222F3F2B7006118E9 /* ReactiveObjC */,
				3163DE4E22F3F27E006118E9 /* libPods-Objective-C_Login.a */,
				3163DE5022F3F27E006118E9 /* libReactiveObjC.a */,
				84F821386B4C3A0DF6E33AED /* libPods-ReactiveObjC-Network-Request.a */,
			);
			name = Frameworks;
			sourceTree = "<group>";
		};
		756F85F8F2412B6D3AC4EA5F /* Pods */ = {
			isa = PBXGroup;
			children = (
				3F2A06AB1CD2665FB6B9A813 /* Pods-Objective-C_Login.debug.xcconfig */,
				7DC5CE6D8E6910F1681721D8 /* Pods-Objective-C_Login.release.xcconfig */,
				00D77D1527B18C135244F048 /* Pods-ReactiveObjC-Network-Request.debug.xcconfig */,
				8FFB80C0729A357B103A5B2C /* Pods-ReactiveObjC-Network-Request.release.xcconfig */,
			);
			path = Pods;
			sourceTree = "<group>";
		};
/* End PBXGroup section */

/* Begin PBXNativeTarget section */
		3163DE2D22F3EFE2006118E9 /* ReactiveObjC-Network-Request */ = {
			isa = PBXNativeTarget;
			buildConfigurationList = 3163DE4722F3EFE2006118E9 /* Build configuration list for PBXNativeTarget "ReactiveObjC-Network-Request" */;
			buildPhases = (
				A82375870FD649CB6F50E05C /* [CP] Check Pods Manifest.lock */,
				3163DE2A22F3EFE2006118E9 /* Sources */,
				3163DE2B22F3EFE2006118E9 /* Frameworks */,
				3163DE2C22F3EFE2006118E9 /* Resources */,
			);
			buildRules = (
			);
			dependencies = (
			);
			name = "ReactiveObjC-Network-Request";
			productName = "Objective-C_Login";
			productReference = 3163DE2E22F3EFE2006118E9 /* ReactiveObjC-Network-Request.app */;
			productType = "com.apple.product-type.application";
		};
/* End PBXNativeTarget section */

/* Begin PBXProject section */
		3163DE2622F3EFE2006118E9 /* Project object */ = {
			isa = PBXProject;
			attributes = {
				LastUpgradeCheck = 1030;
				ORGANIZATIONNAME = raxabizze;
				TargetAttributes = {
					3163DE2D22F3EFE2006118E9 = {
						CreatedOnToolsVersion = 10.3;
					};
				};
			};
			buildConfigurationList = 3163DE2922F3EFE2006118E9 /* Build configuration list for PBXProject "ReactiveObjC-Network-Request" */;
			compatibilityVersion = "Xcode 9.3";
			developmentRegion = en;
			hasScannedForEncodings = 0;
			knownRegions = (
				en,
				Base,
			);
			mainGroup = 3163DE2522F3EFE2006118E9;
			productRefGroup = 3163DE2F22F3EFE2006118E9 /* Products */;
			projectDirPath = "";
			projectRoot = "";
			targets = (
				3163DE2D22F3EFE2006118E9 /* ReactiveObjC-Network-Request */,
			);
		};
/* End PBXProject section */

/* Begin PBXResourcesBuildPhase section */
		3163DE2C22F3EFE2006118E9 /* Resources */ = {
			isa = PBXResourcesBuildPhase;
			buildActionMask = 2147483647;
			files = (
				3163DE4122F3EFE2006118E9 /* LaunchScreen.storyboard in Resources */,
				3163DE3E22F3EFE2006118E9 /* Assets.xcassets in Resources */,
				3163DE3922F3EFE2006118E9 /* Main.storyboard in Resources */,
			);
			runOnlyForDeploymentPostprocessing = 0;
		};
/* End PBXResourcesBuildPhase section */

/* Begin PBXShellScriptBuildPhase section */
		A82375870FD649CB6F50E05C /* [CP] Check Pods Manifest.lock */ = {
			isa = PBXShellScriptBuildPhase;
			buildActionMask = 2147483647;
			files = (
			);
			inputFileListPaths = (
			);
			inputPaths = (
				"${PODS_PODFILE_DIR_PATH}/Podfile.lock",
				"${PODS_ROOT}/Manifest.lock",
			);
			name = "[CP] Check Pods Manifest.lock";
			outputFileListPaths = (
			);
			outputPaths = (
				"$(DERIVED_FILE_DIR)/Pods-ReactiveObjC-Network-Request-checkManifestLockResult.txt",
			);
			runOnlyForDeploymentPostprocessing = 0;
			shellPath = /bin/sh;
			shellScript = "diff \"${PODS_PODFILE_DIR_PATH}/Podfile.lock\" \"${PODS_ROOT}/Manifest.lock\" > /dev/null\nif [ $? != 0 ] ; then\n    # print error to STDERR\n    echo \"error: The sandbox is not in sync with the Podfile.lock. Run 'pod install' or update your CocoaPods installation.\" >&2\n    exit 1\nfi\n# This output is used by Xcode 'outputs' to avoid re-running this script phase.\necho \"SUCCESS\" > \"${SCRIPT_OUTPUT_FILE_0}\"\n";
			showEnvVarsInLog = 0;
		};
/* End PBXShellScriptBuildPhase section */

/* Begin PBXSourcesBuildPhase section */
		3163DE2A22F3EFE2006118E9 /* Sources */ = {
			isa = PBXSourcesBuildPhase;
			buildActionMask = 2147483647;
			files = (
				3163DE3622F3EFE2006118E9 /* RequestViewController.m in Sources */,
				3163DE3322F3EFE2006118E9 /* AppDelegate.m in Sources */,
				3163DE4422F3EFE2006118E9 /* main.m in Sources */,
				3163DE4C22F3F0A7006118E9 /* RequestViewModel.m in Sources */,
				3163DE3C22F3EFE2006118E9 /* Objective-C Network Request.xcdatamodeld in Sources */,
			);
			runOnlyForDeploymentPostprocessing = 0;
		};
/* End PBXSourcesBuildPhase section */

/* Begin PBXVariantGroup section */
		3163DE3722F3EFE2006118E9 /* Main.storyboard */ = {
			isa = PBXVariantGroup;
			children = (
				3163DE3822F3EFE2006118E9 /* Base */,
			);
			name = Main.storyboard;
			sourceTree = "<group>";
		};
		3163DE3F22F3EFE2006118E9 /* LaunchScreen.storyboard */ = {
			isa = PBXVariantGroup;
			children = (
				3163DE4022F3EFE2006118E9 /* Base */,
			);
			name = LaunchScreen.storyboard;
			sourceTree = "<group>";
		};
/* End PBXVariantGroup section */

/* Begin XCBuildConfiguration section */
		3163DE4522F3EFE2006118E9 /* Debug */ = {
			isa = XCBuildConfiguration;
			buildSettings = {
				ALWAYS_SEARCH_USER_PATHS = NO;
				CLANG_ANALYZER_NONNULL = YES;
				CLANG_ANALYZER_NUMBER_OBJECT_CONVERSION = YES_AGGRESSIVE;
				CLANG_CXX_LANGUAGE_STANDARD = "gnu++14";
				CLANG_CXX_LIBRARY = "libc++";
				CLANG_ENABLE_MODULES = YES;
				CLANG_ENABLE_OBJC_ARC = YES;
				CLANG_ENABLE_OBJC_WEAK = YES;
				CLANG_WARN_BLOCK_CAPTURE_AUTORELEASING = YES;
				CLANG_WARN_BOOL_CONVERSION = YES;
				CLANG_WARN_COMMA = YES;
				CLANG_WARN_CONSTANT_CONVERSION = YES;
				CLANG_WARN_DEPRECATED_OBJC_IMPLEMENTATIONS = YES;
				CLANG_WARN_DIRECT_OBJC_ISA_USAGE = YES_ERROR;
				CLANG_WARN_DOCUMENTATION_COMMENTS = YES;
				CLANG_WARN_EMPTY_BODY = YES;
				CLANG_WARN_ENUM_CONVERSION = YES;
				CLANG_WARN_INFINITE_RECURSION = YES;
				CLANG_WARN_INT_CONVERSION = YES;
				CLANG_WARN_NON_LITERAL_NULL_CONVERSION = YES;
				CLANG_WARN_OBJC_IMPLICIT_RETAIN_SELF = YES;
				CLANG_WARN_OBJC_LITERAL_CONVERSION = YES;
				CLANG_WARN_OBJC_ROOT_CLASS = YES_ERROR;
				CLANG_WARN_RANGE_LOOP_ANALYSIS = YES;
				CLANG_WARN_STRICT_PROTOTYPES = YES;
				CLANG_WARN_SUSPICIOUS_MOVE = YES;
				CLANG_WARN_UNGUARDED_AVAILABILITY = YES_AGGRESSIVE;
				CLANG_WARN_UNREACHABLE_CODE = YES;
				CLANG_WARN__DUPLICATE_METHOD_MATCH = YES;
				CODE_SIGN_IDENTITY = "iPhone Developer";
				COPY_PHASE_STRIP = NO;
				DEBUG_INFORMATION_FORMAT = dwarf;
				ENABLE_STRICT_OBJC_MSGSEND = YES;
				ENABLE_TESTABILITY = YES;
				GCC_C_LANGUAGE_STANDARD = gnu11;
				GCC_DYNAMIC_NO_PIC = NO;
				GCC_NO_COMMON_BLOCKS = YES;
				GCC_OPTIMIZATION_LEVEL = 0;
				GCC_PREPROCESSOR_DEFINITIONS = (
					"DEBUG=1",
					"$(inherited)",
				);
				GCC_WARN_64_TO_32_BIT_CONVERSION = YES;
				GCC_WARN_ABOUT_RETURN_TYPE = YES_ERROR;
				GCC_WARN_UNDECLARED_SELECTOR = YES;
				GCC_WARN_UNINITIALIZED_AUTOS = YES_AGGRESSIVE;
				GCC_WARN_UNUSED_FUNCTION = YES;
				GCC_WARN_UNUSED_VARIABLE = YES;
				IPHONEOS_DEPLOYMENT_TARGET = 12.4;
				MTL_ENABLE_DEBUG_INFO = INCLUDE_SOURCE;
				MTL_FAST_MATH = YES;
				ONLY_ACTIVE_ARCH = YES;
				SDKROOT = iphoneos;
			};
			name = Debug;
		};
		3163DE4622F3EFE2006118E9 /* Release */ = {
			isa = XCBuildConfiguration;
			buildSettings = {
				ALWAYS_SEARCH_USER_PATHS = NO;
				CLANG_ANALYZER_NONNULL = YES;
				CLANG_ANALYZER_NUMBER_OBJECT_CONVERSION = YES_AGGRESSIVE;
				CLANG_CXX_LANGUAGE_STANDARD = "gnu++14";
				CLANG_CXX_LIBRARY = "libc++";
				CLANG_ENABLE_MODULES = YES;
				CLANG_ENABLE_OBJC_ARC = YES;
				CLANG_ENABLE_OBJC_WEAK = YES;
				CLANG_WARN_BLOCK_CAPTURE_AUTORELEASING = YES;
				CLANG_WARN_BOOL_CONVERSION = YES;
				CLANG_WARN_COMMA = YES;
				CLANG_WARN_CONSTANT_CONVERSION = YES;
				CLANG_WARN_DEPRECATED_OBJC_IMPLEMENTATIONS = YES;
				CLANG_WARN_DIRECT_OBJC_ISA_USAGE = YES_ERROR;
				CLANG_WARN_DOCUMENTATION_COMMENTS = YES;
				CLANG_WARN_EMPTY_BODY = YES;
				CLANG_WARN_ENUM_CONVERSION = YES;
				CLANG_WARN_INFINITE_RECURSION = YES;
				CLANG_WARN_INT_CONVERSION = YES;
				CLANG_WARN_NON_LITERAL_NULL_CONVERSION = YES;
				CLANG_WARN_OBJC_IMPLICIT_RETAIN_SELF = YES;
				CLANG_WARN_OBJC_LITERAL_CONVERSION = YES;
				CLANG_WARN_OBJC_ROOT_CLASS = YES_ERROR;
				CLANG_WARN_RANGE_LOOP_ANALYSIS = YES;
				CLANG_WARN_STRICT_PROTOTYPES = YES;
				CLANG_WARN_SUSPICIOUS_MOVE = YES;
				CLANG_WARN_UNGUARDED_AVAILABILITY = YES_AGGRESSIVE;
				CLANG_WARN_UNREACHABLE_CODE = YES;
				CLANG_WARN__DUPLICATE_METHOD_MATCH = YES;
				CODE_SIGN_IDENTITY = "iPhone Developer";
				COPY_PHASE_STRIP = NO;
				DEBUG_INFORMATION_FORMAT = "dwarf-with-dsym";
				ENABLE_NS_ASSERTIONS = NO;
				ENABLE_STRICT_OBJC_MSGSEND = YES;
				GCC_C_LANGUAGE_STANDARD = gnu11;
				GCC_NO_COMMON_BLOCKS = YES;
				GCC_WARN_64_TO_32_BIT_CONVERSION = YES;
				GCC_WARN_ABOUT_RETURN_TYPE = YES_ERROR;
				GCC_WARN_UNDECLARED_SELECTOR = YES;
				GCC_WARN_UNINITIALIZED_AUTOS = YES_AGGRESSIVE;
				GCC_WARN_UNUSED_FUNCTION = YES;
				GCC_WARN_UNUSED_VARIABLE = YES;
				IPHONEOS_DEPLOYMENT_TARGET = 12.4;
				MTL_ENABLE_DEBUG_INFO = NO;
				MTL_FAST_MATH = YES;
				SDKROOT = iphoneos;
				VALIDATE_PRODUCT = YES;
			};
			name = Release;
		};
		3163DE4822F3EFE2006118E9 /* Debug */ = {
			isa = XCBuildConfiguration;
			baseConfigurationReference = 00D77D1527B18C135244F048 /* Pods-ReactiveObjC-Network-Request.debug.xcconfig */;
			buildSettings = {
				ALWAYS_SEARCH_USER_PATHS = NO;
				ASSETCATALOG_COMPILER_APPICON_NAME = AppIcon;
				CODE_SIGN_STYLE = Automatic;
				DEVELOPMENT_TEAM = F846BT365Q;
				FRAMEWORK_SEARCH_PATHS = "";
				INFOPLIST_FILE = "ReactiveObjC-Network-Request/Info.plist";
				LD_RUNPATH_SEARCH_PATHS = (
					"$(inherited)",
					"@executable_path/Frameworks",
				);
				PRODUCT_BUNDLE_IDENTIFIER = "com.raxabizze.ReactiveObjC-Network-Request";
				PRODUCT_NAME = "$(TARGET_NAME)";
				TARGETED_DEVICE_FAMILY = "1,2";
				USER_HEADER_SEARCH_PATHS = "";
			};
			name = Debug;
		};
		3163DE4922F3EFE2006118E9 /* Release */ = {
			isa = XCBuildConfiguration;
			baseConfigurationReference = 8FFB80C0729A357B103A5B2C /* Pods-ReactiveObjC-Network-Request.release.xcconfig */;
			buildSettings = {
				ALWAYS_SEARCH_USER_PATHS = NO;
				ASSETCATALOG_COMPILER_APPICON_NAME = AppIcon;
				CODE_SIGN_STYLE = Automatic;
				DEVELOPMENT_TEAM = F846BT365Q;
				FRAMEWORK_SEARCH_PATHS = "";
				INFOPLIST_FILE = "ReactiveObjC-Network-Request/Info.plist";
				LD_RUNPATH_SEARCH_PATHS = (
					"$(inherited)",
					"@executable_path/Frameworks",
				);
				PRODUCT_BUNDLE_IDENTIFIER = "com.raxabizze.ReactiveObjC-Network-Request";
				PRODUCT_NAME = "$(TARGET_NAME)";
				TARGETED_DEVICE_FAMILY = "1,2";
				USER_HEADER_SEARCH_PATHS = "";
			};
			name = Release;
		};
/* End XCBuildConfiguration section */

/* Begin XCConfigurationList section */
		3163DE2922F3EFE2006118E9 /* Build configuration list for PBXProject "ReactiveObjC-Network-Request" */ = {
			isa = XCConfigurationList;
			buildConfigurations = (
				3163DE4522F3EFE2006118E9 /* Debug */,
				3163DE4622F3EFE2006118E9 /* Release */,
			);
			defaultConfigurationIsVisible = 0;
			defaultConfigurationName = Release;
		};
		3163DE4722F3EFE2006118E9 /* Build configuration list for PBXNativeTarget "ReactiveObjC-Network-Request" */ = {
			isa = XCConfigurationList;
			buildConfigurations = (
				3163DE4822F3EFE2006118E9 /* Debug */,
				3163DE4922F3EFE2006118E9 /* Release */,
			);
			defaultConfigurationIsVisible = 0;
			defaultConfigurationName = Release;
		};
/* End XCConfigurationList section */

/* Begin XCVersionGroup section */
		3163DE3A22F3EFE2006118E9 /* Objective-C Network Request.xcdatamodeld */ = {
			isa = XCVersionGroup;
			children = (
				3163DE3B22F3EFE2006118E9 /* Objective_C_Login.xcdatamodel */,
			);
			currentVersion = 3163DE3B22F3EFE2006118E9 /* Objective_C_Login.xcdatamodel */;
			path = "Objective-C Network Request.xcdatamodeld";
			sourceTree = "<group>";
			versionGroupType = wrapper.xcdatamodel;
		};
/* End XCVersionGroup section */
	};
	rootObject = 3163DE2622F3EFE2006118E9 /* Project object */;
}
